
Microsoft Visual Studio Solution File, Format Version 12.00
# Visual Studio 15
VisualStudioVersion = 15.0.27703.2000
MinimumVisualStudioVersion = 10.0.40219.1
Project("{FAE04EC0-301F-11D3-BF4B-00C04F79EFBC}") = "HelloTs", "HelloTs\HelloTs.csproj", "{A0ADD2B4-6F9C-47DF-BE3A-29FA02BC1889}"
EndProject
Global
	GlobalSection(SolutionConfigurationPlatforms) = preSolution
		Debug|Any CPU = Debug|Any CPU
		Release|Any CPU = Release|Any CPU
	EndGlobalSection
	GlobalSection(ProjectConfigurationPlatforms) = postSolution
		{A0ADD2B4-6F9C-47DF-BE3A-29FA02BC1889}.Debug|Any CPU.ActiveCfg = Debug|Any CPU
		{A0ADD2B4-6F9C-47DF-BE3A-29FA02BC1889}.Debug|Any CPU.Build.0 = Debug|Any CPU
		{A0ADD2B4-6F9C-47DF-BE3A-29FA02BC1889}.Release|Any CPU.ActiveCfg = Release|Any CPU
		{A0ADD2B4-6F9C-47DF-BE3A-29FA02BC1889}.Release|Any CPU.Build.0 = Release|Any CPU
	EndGlobalSection
	GlobalSection(SolutionProperties) = preSolution
		HideSolutionNode = FALSE
	EndGlobalSection
	GlobalSection(ExtensibilityGlobals) = postSolution
		SolutionGuid = {3C9EA484-9CB3-4AA4-828B-EBD9E7439744}
	EndGlobalSection
EndGlobal
