
Microsoft Visual Studio Solution File, Format Version 12.00
# Visual Studio 15
VisualStudioVersion = 15.0.27703.2000
MinimumVisualStudioVersion = 10.0.40219.1
Project("{9A19103F-16F7-4668-BE54-9A1E7A4F7556}") = "SpyStore.Service", "SpyStore.Service\SpyStore.Service.csproj", "{AB8196AD-1339-4773-80FD-7FE9FCA38902}"
EndProject
Project("{9A19103F-16F7-4668-BE54-9A1E7A4F7556}") = "SpyStore.Service.Tests", "SpyStore.Service.Tests\SpyStore.Service.Tests.csproj", "{261986B8-D774-4571-8B1D-25C9EB3390C2}"
EndProject
Global
	GlobalSection(SolutionConfigurationPlatforms) = preSolution
		Debug|Any CPU = Debug|Any CPU
		Release|Any CPU = Release|Any CPU
	EndGlobalSection
	GlobalSection(ProjectConfigurationPlatforms) = postSolution
		{AB8196AD-1339-4773-80FD-7FE9FCA38902}.Debug|Any CPU.ActiveCfg = Debug|Any CPU
		{AB8196AD-1339-4773-80FD-7FE9FCA38902}.Debug|Any CPU.Build.0 = Debug|Any CPU
		{AB8196AD-1339-4773-80FD-7FE9FCA38902}.Release|Any CPU.ActiveCfg = Release|Any CPU
		{AB8196AD-1339-4773-80FD-7FE9FCA38902}.Release|Any CPU.Build.0 = Release|Any CPU
		{261986B8-D774-4571-8B1D-25C9EB3390C2}.Debug|Any CPU.ActiveCfg = Debug|Any CPU
		{261986B8-D774-4571-8B1D-25C9EB3390C2}.Debug|Any CPU.Build.0 = Debug|Any CPU
		{261986B8-D774-4571-8B1D-25C9EB3390C2}.Release|Any CPU.ActiveCfg = Release|Any CPU
		{261986B8-D774-4571-8B1D-25C9EB3390C2}.Release|Any CPU.Build.0 = Release|Any CPU
	EndGlobalSection
	GlobalSection(SolutionProperties) = preSolution
		HideSolutionNode = FALSE
	EndGlobalSection
	GlobalSection(ExtensibilityGlobals) = postSolution
		SolutionGuid = {7BF35EBA-6C2B-49F9-8BD0-FE758546EE91}
	EndGlobalSection
EndGlobal
